
Microsoft Visual Studio Solution File, Format Version 12.00
# Visual Studio 14
VisualStudioVersion = 14.0.25123.0
MinimumVisualStudioVersion = 10.0.40219.1
Project("{FAE04EC0-301F-11D3-BF4B-00C04F79EFBC}") = "Poker", "Poker\Poker.csproj", "{214149B1-0A37-4A1E-A65D-694E1775923E}"
EndProject
Project("{FAE04EC0-301F-11D3-BF4B-00C04F79EFBC}") = "Poker.Test", "Poker.Test\Poker.Test.csproj", "{9C681E40-77D1-4706-B460-9628A28AE284}"
EndProject
Global
	GlobalSection(SolutionConfigurationPlatforms) = preSolution
		Debug|Any CPU = Debug|Any CPU
		Release|Any CPU = Release|Any CPU
	EndGlobalSection
	GlobalSection(ProjectConfigurationPlatforms) = postSolution
		{214149B1-0A37-4A1E-A65D-694E1775923E}.Debug|Any CPU.ActiveCfg = Debug|Any CPU
		{214149B1-0A37-4A1E-A65D-694E1775923E}.Debug|Any CPU.Build.0 = Debug|Any CPU
		{214149B1-0A37-4A1E-A65D-694E1775923E}.Release|Any CPU.ActiveCfg = Release|Any CPU
		{214149B1-0A37-4A1E-A65D-694E1775923E}.Release|Any CPU.Build.0 = Release|Any CPU
		{9C681E40-77D1-4706-B460-9628A28AE284}.Debug|Any CPU.ActiveCfg = Debug|Any CPU
		{9C681E40-77D1-4706-B460-9628A28AE284}.Debug|Any CPU.Build.0 = Debug|Any CPU
		{9C681E40-77D1-4706-B460-9628A28AE284}.Release|Any CPU.ActiveCfg = Release|Any CPU
		{9C681E40-77D1-4706-B460-9628A28AE284}.Release|Any CPU.Build.0 = Release|Any CPU
	EndGlobalSection
	GlobalSection(SolutionProperties) = preSolution
		HideSolutionNode = FALSE
	EndGlobalSection
EndGlobal
